{
  "name": "nano-vanity-address-finder",
  "version": "1.0.0",
  "lockfileVersion": 1,
  "requires": true,
  "dependencies": {
    "blakejs": {
      "version": "1.1.0",
      "resolved": "https://registry.npmjs.org/blakejs/-/blakejs-1.1.0.tgz",
      "integrity": "sha1-ad+S75U6qIylGjLfarHFShVfx6U="
    },
    "commander": {
      "version": "2.16.0",
      "resolved": "https://registry.npmjs.org/commander/-/commander-2.16.0.tgz",
      "integrity": "sha512-sVXqklSaotK9at437sFlFpyOcJonxe0yST/AG9DkQKUdIE6IqGIMv4SfAQSKaJbSdVEJYItASCrBiVQHq1HQew=="
    },
    "moment": {
      "version": "2.22.2",
      "resolved": "https://registry.npmjs.org/moment/-/moment-2.22.2.tgz",
      "integrity": "sha1-PCV/mDn8DpP/UxSWMiOeuQeD/2Y="
    },
    "nano-lib": {
      "version": "0.2.1",
      "resolved": "https://registry.npmjs.org/nano-lib/-/nano-lib-0.2.1.tgz",
      "integrity": "sha512-p1uwZHnpnFbW3G5pyrULPGYPgR8e3eA8UsYs+m/NjlH2nKzz5oGcOmdXhGY4Y7PSAbCJ3zjOhVxZ3Y9XXqg1Tg==",
      "requires": {
        "blakejs": "1.1.0",
        "tweetnacl-blake2b": "1.0.1"
      }
    },
    "tweetnacl-blake2b": {
      "version": "1.0.1",
      "resolved": "https://registry.npmjs.org/tweetnacl-blake2b/-/tweetnacl-blake2b-1.0.1.tgz",
      "integrity": "sha512-lJA9Boo6MDKAZTzzS9yWrtsPq/dMy6HQ3UpKxkFlPRz3vsrW3dzy9D+m+rbD/gubMjVBlJP38yarZOAtE9zQlg==",
      "requires": {
        "blakejs": "1.1.0"
      }
    }
  }
}
